
Microsoft Visual Studio Solution File, Format Version 12.00
# Visual Studio Version 16
VisualStudioVersion = 16.0.31005.135
MinimumVisualStudioVersion = 10.0.40219.1
Project("{FAE04EC0-301F-11D3-BF4B-00C04F79EFBC}") = "ChatApi", "ChatApi\ChatApi.csproj", "{F61AE5B6-7624-437D-B8C3-54742026AAB4}"
EndProject
Global
	GlobalSection(SolutionConfigurationPlatforms) = preSolution
		Debug|Any CPU = Debug|Any CPU
		Release|Any CPU = Release|Any CPU
	EndGlobalSection
	GlobalSection(ProjectConfigurationPlatforms) = postSolution
		{F61AE5B6-7624-437D-B8C3-54742026AAB4}.Debug|Any CPU.ActiveCfg = Debug|Any CPU
		{F61AE5B6-7624-437D-B8C3-54742026AAB4}.Debug|Any CPU.Build.0 = Debug|Any CPU
		{F61AE5B6-7624-437D-B8C3-54742026AAB4}.Release|Any CPU.ActiveCfg = Release|Any CPU
		{F61AE5B6-7624-437D-B8C3-54742026AAB4}.Release|Any CPU.Build.0 = Release|Any CPU
	EndGlobalSection
	GlobalSection(SolutionProperties) = preSolution
		HideSolutionNode = FALSE
	EndGlobalSection
	GlobalSection(ExtensibilityGlobals) = postSolution
		SolutionGuid = {DAF682B1-B24B-4A89-A473-EA658D2D4DD7}
	EndGlobalSection
EndGlobal
